
Microsoft Visual Studio Solution File, Format Version 12.00
# Visual Studio Version 16
VisualStudioVersion = 16.0.29728.190
MinimumVisualStudioVersion = 10.0.40219.1
Project("{FAE04EC0-301F-11D3-BF4B-00C04F79EFBC}") = "Calorie CalculatorCS", "Calorie CalculatorCS\Calorie CalculatorCS.csproj", "{61ADC1CB-6A00-43EB-A638-A4640BD42FDB}"
EndProject
Global
	GlobalSection(SolutionConfigurationPlatforms) = preSolution
		Debug|Any CPU = Debug|Any CPU
		Release|Any CPU = Release|Any CPU
	EndGlobalSection
	GlobalSection(ProjectConfigurationPlatforms) = postSolution
		{61ADC1CB-6A00-43EB-A638-A4640BD42FDB}.Debug|Any CPU.ActiveCfg = Debug|Any CPU
		{61ADC1CB-6A00-43EB-A638-A4640BD42FDB}.Debug|Any CPU.Build.0 = Debug|Any CPU
		{61ADC1CB-6A00-43EB-A638-A4640BD42FDB}.Release|Any CPU.ActiveCfg = Release|Any CPU
		{61ADC1CB-6A00-43EB-A638-A4640BD42FDB}.Release|Any CPU.Build.0 = Release|Any CPU
	EndGlobalSection
	GlobalSection(SolutionProperties) = preSolution
		HideSolutionNode = FALSE
	EndGlobalSection
	GlobalSection(ExtensibilityGlobals) = postSolution
		SolutionGuid = {1C2F61EA-A53C-4CA5-98BC-F174F74FF914}
	EndGlobalSection
EndGlobal
